// !$*UTF8*$!
{
	archiveVersion = 1;
	classes = {
	};
	objectVersion = 55;
	objects = {

/* Begin PBXBuildFile section */
		FB72723D289D0A9300E4F9B9 /* AppDelegate.swift in Sources */ = {isa = PBXBuildFile; fileRef = FB72723C289D0A9300E4F9B9 /* AppDelegate.swift */; };
		FB72723F289D0A9300E4F9B9 /* SceneDelegate.swift in Sources */ = {isa = PBXBuildFile; fileRef = FB72723E289D0A9300E4F9B9 /* SceneDelegate.swift */; };
		FB727241289D0A9300E4F9B9 /* ViewController.swift in Sources */ = {isa = PBXBuildFile; fileRef = FB727240289D0A9300E4F9B9 /* ViewController.swift */; };
		FB727244289D0A9300E4F9B9 /* Main.storyboard in Resources */ = {isa = PBXBuildFile; fileRef = FB727242289D0A9300E4F9B9 /* Main.storyboard */; };
		FB727246289D0A9400E4F9B9 /* Assets.xcassets in Resources */ = {isa = PBXBuildFile; fileRef = FB727245289D0A9400E4F9B9 /* Assets.xcassets */; };
		FB727249289D0A9400E4F9B9 /* LaunchScreen.storyboard in Resources */ = {isa = PBXBuildFile; fileRef = FB727247289D0A9400E4F9B9 /* LaunchScreen.storyboard */; };
		FB727254289D0A9500E4F9B9 /* iOSTestCasesTests.swift in Sources */ = {isa = PBXBuildFile; fileRef = FB727253289D0A9500E4F9B9 /* iOSTestCasesTests.swift */; };
		FB72725E289D0A9500E4F9B9 /* iOSTestCasesUITests.swift in Sources */ = {isa = PBXBuildFile; fileRef = FB72725D289D0A9500E4F9B9 /* iOSTestCasesUITests.swift */; };
		FB727260289D0A9500E4F9B9 /* iOSTestCasesUITestsLaunchTests.swift in Sources */ = {isa = PBXBuildFile; fileRef = FB72725F289D0A9500E4F9B9 /* iOSTestCasesUITestsLaunchTests.swift */; };
/* End PBXBuildFile section */

/* Begin PBXContainerItemProxy section */
		FB727250289D0A9500E4F9B9 /* PBXContainerItemProxy */ = {
			isa = PBXContainerItemProxy;
			containerPortal = FB727231289D0A9300E4F9B9 /* Project object */;
			proxyType = 1;
			remoteGlobalIDString = FB727238289D0A9300E4F9B9;
			remoteInfo = iOSTestCases;
		};
		FB72725A289D0A9500E4F9B9 /* PBXContainerItemProxy */ = {
			isa = PBXContainerItemProxy;
			containerPortal = FB727231289D0A9300E4F9B9 /* Project object */;
			proxyType = 1;
			remoteGlobalIDString = FB727238289D0A9300E4F9B9;
			remoteInfo = iOSTestCases;
		};
/* End PBXContainerItemProxy section */

/* Begin PBXFileReference section */
		FB727239289D0A9300E4F9B9 /* iOSTestCases.app */ = {isa = PBXFileReference; explicitFileType = wrapper.application; includeInIndex = 0; path = iOSTestCases.app; sourceTree = BUILT_PRODUCTS_DIR; };
		FB72723C289D0A9300E4F9B9 /* AppDelegate.swift */ = {isa = PBXFileReference; lastKnownFileType = sourcecode.swift; path = AppDelegate.swift; sourceTree = "<group>"; };
		FB72723E289D0A9300E4F9B9 /* SceneDelegate.swift */ = {isa = PBXFileReference; lastKnownFileType = sourcecode.swift; path = SceneDelegate.swift; sourceTree = "<group>"; };
		FB727240289D0A9300E4F9B9 /* ViewController.swift */ = {isa = PBXFileReference; lastKnownFileType = sourcecode.swift; path = ViewController.swift; sourceTree = "<group>"; };
		FB727243289D0A9300E4F9B9 /* Base */ = {isa = PBXFileReference; lastKnownFileType = file.storyboard; name = Base; path = Base.lproj/Main.storyboard; sourceTree = "<group>"; };
		FB727245289D0A9400E4F9B9 /* Assets.xcassets */ = {isa = PBXFileReference; lastKnownFileType = folder.assetcatalog; path = Assets.xcassets; sourceTree = "<group>"; };
		FB727248289D0A9400E4F9B9 /* Base */ = {isa = PBXFileReference; lastKnownFileType = file.storyboard; name = Base; path = Base.lproj/LaunchScreen.storyboard; sourceTree = "<group>"; };
		FB72724A289D0A9400E4F9B9 /* Info.plist */ = {isa = PBXFileReference; lastKnownFileType = text.plist.xml; path = Info.plist; sourceTree = "<group>"; };
		FB72724F289D0A9500E4F9B9 /* iOSTestCasesTests.xctest */ = {isa = PBXFileReference; explicitFileType = wrapper.cfbundle; includeInIndex = 0; path = iOSTestCasesTests.xctest; sourceTree = BUILT_PRODUCTS_DIR; };
		FB727253289D0A9500E4F9B9 /* iOSTestCasesTests.swift */ = {isa = PBXFileReference; lastKnownFileType = sourcecode.swift; path = iOSTestCasesTests.swift; sourceTree = "<group>"; };
		FB727259289D0A9500E4F9B9 /* iOSTestCasesUITests.xctest */ = {isa = PBXFileReference; explicitFileType = wrapper.cfbundle; includeInIndex = 0; path = iOSTestCasesUITests.xctest; sourceTree = BUILT_PRODUCTS_DIR; };
		FB72725D289D0A9500E4F9B9 /* iOSTestCasesUITests.swift */ = {isa = PBXFileReference; lastKnownFileType = sourcecode.swift; path = iOSTestCasesUITests.swift; sourceTree = "<group>"; };
		FB72725F289D0A9500E4F9B9 /* iOSTestCasesUITestsLaunchTests.swift */ = {isa = PBXFileReference; lastKnownFileType = sourcecode.swift; path = iOSTestCasesUITestsLaunchTests.swift; sourceTree = "<group>"; };
/* End PBXFileReference section */

/* Begin PBXFrameworksBuildPhase section */
		FB727236289D0A9300E4F9B9 /* Frameworks */ = {
			isa = PBXFrameworksBuildPhase;
			buildActionMask = 2147483647;
			files = (
			);
			runOnlyForDeploymentPostprocessing = 0;
		};
		FB72724C289D0A9500E4F9B9 /* Frameworks */ = {
			isa = PBXFrameworksBuildPhase;
			buildActionMask = 2147483647;
			files = (
			);
			runOnlyForDeploymentPostprocessing = 0;
		};
		FB727256289D0A9500E4F9B9 /* Frameworks */ = {
			isa = PBXFrameworksBuildPhase;
			buildActionMask = 2147483647;
			files = (
			);
			runOnlyForDeploymentPostprocessing = 0;
		};
/* End PBXFrameworksBuildPhase section */

/* Begin PBXGroup section */
		FB727230289D0A9300E4F9B9 = {
			isa = PBXGroup;
			children = (
				FB72723B289D0A9300E4F9B9 /* iOSTestCases */,
				FB727252289D0A9500E4F9B9 /* iOSTestCasesTests */,
				FB72725C289D0A9500E4F9B9 /* iOSTestCasesUITests */,
				FB72723A289D0A9300E4F9B9 /* Products */,
			);
			sourceTree = "<group>";
		};
		FB72723A289D0A9300E4F9B9 /* Products */ = {
			isa = PBXGroup;
			children = (
				FB727239289D0A9300E4F9B9 /* iOSTestCases.app */,
				FB72724F289D0A9500E4F9B9 /* iOSTestCasesTests.xctest */,
				FB727259289D0A9500E4F9B9 /* iOSTestCasesUITests.xctest */,
			);
			name = Products;
			sourceTree = "<group>";
		};
		FB72723B289D0A9300E4F9B9 /* iOSTestCases */ = {
			isa = PBXGroup;
			children = (
				FB72723C289D0A9300E4F9B9 /* AppDelegate.swift */,
				FB72723E289D0A9300E4F9B9 /* SceneDelegate.swift */,
				FB727240289D0A9300E4F9B9 /* ViewController.swift */,
				FB727242289D0A9300E4F9B9 /* Main.storyboard */,
				FB727245289D0A9400E4F9B9 /* Assets.xcassets */,
				FB727247289D0A9400E4F9B9 /* LaunchScreen.storyboard */,
				FB72724A289D0A9400E4F9B9 /* Info.plist */,
			);
			path = iOSTestCases;
			sourceTree = "<group>";
		};
		FB727252289D0A9500E4F9B9 /* iOSTestCasesTests */ = {
			isa = PBXGroup;
			children = (
				FB727253289D0A9500E4F9B9 /* iOSTestCasesTests.swift */,
			);
			path = iOSTestCasesTests;
			sourceTree = "<group>";
		};
		FB72725C289D0A9500E4F9B9 /* iOSTestCasesUITests */ = {
			isa = PBXGroup;
			children = (
				FB72725D289D0A9500E4F9B9 /* iOSTestCasesUITests.swift */,
				FB72725F289D0A9500E4F9B9 /* iOSTestCasesUITestsLaunchTests.swift */,
			);
			path = iOSTestCasesUITests;
			sourceTree = "<group>";
		};
/* End PBXGroup section */

/* Begin PBXNativeTarget section */
		FB727238289D0A9300E4F9B9 /* iOSTestCases */ = {
			isa = PBXNativeTarget;
			buildConfigurationList = FB727263289D0A9500E4F9B9 /* Build configuration list for PBXNativeTarget "iOSTestCases" */;
			buildPhases = (
				FB727235289D0A9300E4F9B9 /* Sources */,
				FB727236289D0A9300E4F9B9 /* Frameworks */,
				FB727237289D0A9300E4F9B9 /* Resources */,
			);
			buildRules = (
			);
			dependencies = (
			);
			name = iOSTestCases;
			productName = iOSTestCases;
			productReference = FB727239289D0A9300E4F9B9 /* iOSTestCases.app */;
			productType = "com.apple.product-type.application";
		};
		FB72724E289D0A9500E4F9B9 /* iOSTestCasesTests */ = {
			isa = PBXNativeTarget;
			buildConfigurationList = FB727266289D0A9500E4F9B9 /* Build configuration list for PBXNativeTarget "iOSTestCasesTests" */;
			buildPhases = (
				FB72724B289D0A9500E4F9B9 /* Sources */,
				FB72724C289D0A9500E4F9B9 /* Frameworks */,
				FB72724D289D0A9500E4F9B9 /* Resources */,
			);
			buildRules = (
			);
			dependencies = (
				FB727251289D0A9500E4F9B9 /* PBXTargetDependency */,
			);
			name = iOSTestCasesTests;
			productName = iOSTestCasesTests;
			productReference = FB72724F289D0A9500E4F9B9 /* iOSTestCasesTests.xctest */;
			productType = "com.apple.product-type.bundle.unit-test";
		};
		FB727258289D0A9500E4F9B9 /* iOSTestCasesUITests */ = {
			isa = PBXNativeTarget;
			buildConfigurationList = FB727269289D0A9500E4F9B9 /* Build configuration list for PBXNativeTarget "iOSTestCasesUITests" */;
			buildPhases = (
				FB727255289D0A9500E4F9B9 /* Sources */,
				FB727256289D0A9500E4F9B9 /* Frameworks */,
				FB727257289D0A9500E4F9B9 /* Resources */,
			);
			buildRules = (
			);
			dependencies = (
				FB72725B289D0A9500E4F9B9 /* PBXTargetDependency */,
			);
			name = iOSTestCasesUITests;
			productName = iOSTestCasesUITests;
			productReference = FB727259289D0A9500E4F9B9 /* iOSTestCasesUITests.xctest */;
			productType = "com.apple.product-type.bundle.ui-testing";
		};
/* End PBXNativeTarget section */

/* Begin PBXProject section */
		FB727231289D0A9300E4F9B9 /* Project object */ = {
			isa = PBXProject;
			attributes = {
				BuildIndependentTargetsInParallel = 1;
				LastSwiftUpdateCheck = 1340;
				LastUpgradeCheck = 1340;
				TargetAttributes = {
					FB727238289D0A9300E4F9B9 = {
						CreatedOnToolsVersion = 13.4.1;
					};
					FB72724E289D0A9500E4F9B9 = {
						CreatedOnToolsVersion = 13.4.1;
						TestTargetID = FB727238289D0A9300E4F9B9;
					};
					FB727258289D0A9500E4F9B9 = {
						CreatedOnToolsVersion = 13.4.1;
						TestTargetID = FB727238289D0A9300E4F9B9;
					};
				};
			};
			buildConfigurationList = FB727234289D0A9300E4F9B9 /* Build configuration list for PBXProject "iOSTestCases" */;
			compatibilityVersion = "Xcode 13.0";
			developmentRegion = en;
			hasScannedForEncodings = 0;
			knownRegions = (
				en,
				Base,
			);
			mainGroup = FB727230289D0A9300E4F9B9;
			productRefGroup = FB72723A289D0A9300E4F9B9 /* Products */;
			projectDirPath = "";
			projectRoot = "";
			targets = (
				FB727238289D0A9300E4F9B9 /* iOSTestCases */,
				FB72724E289D0A9500E4F9B9 /* iOSTestCasesTests */,
				FB727258289D0A9500E4F9B9 /* iOSTestCasesUITests */,
			);
		};
/* End PBXProject section */

/* Begin PBXResourcesBuildPhase section */
		FB727237289D0A9300E4F9B9 /* Resources */ = {
			isa = PBXResourcesBuildPhase;
			buildActionMask = 2147483647;
			files = (
				FB727249289D0A9400E4F9B9 /* LaunchScreen.storyboard in Resources */,
				FB727246289D0A9400E4F9B9 /* Assets.xcassets in Resources */,
				FB727244289D0A9300E4F9B9 /* Main.storyboard in Resources */,
			);
			runOnlyForDeploymentPostprocessing = 0;
		};
		FB72724D289D0A9500E4F9B9 /* Resources */ = {
			isa = PBXResourcesBuildPhase;
			buildActionMask = 2147483647;
			files = (
			);
			runOnlyForDeploymentPostprocessing = 0;
		};
		FB727257289D0A9500E4F9B9 /* Resources */ = {
			isa = PBXResourcesBuildPhase;
			buildActionMask = 2147483647;
			files = (
			);
			runOnlyForDeploymentPostprocessing = 0;
		};
/* End PBXResourcesBuildPhase section */

/* Begin PBXSourcesBuildPhase section */
		FB727235289D0A9300E4F9B9 /* Sources */ = {
			isa = PBXSourcesBuildPhase;
			buildActionMask = 2147483647;
			files = (
				FB727241289D0A9300E4F9B9 /* ViewController.swift in Sources */,
				FB72723D289D0A9300E4F9B9 /* AppDelegate.swift in Sources */,
				FB72723F289D0A9300E4F9B9 /* SceneDelegate.swift in Sources */,
			);
			runOnlyForDeploymentPostprocessing = 0;
		};
		FB72724B289D0A9500E4F9B9 /* Sources */ = {
			isa = PBXSourcesBuildPhase;
			buildActionMask = 2147483647;
			files = (
				FB727254289D0A9500E4F9B9 /* iOSTestCasesTests.swift in Sources */,
			);
			runOnlyForDeploymentPostprocessing = 0;
		};
		FB727255289D0A9500E4F9B9 /* Sources */ = {
			isa = PBXSourcesBuildPhase;
			buildActionMask = 2147483647;
			files = (
				FB727260289D0A9500E4F9B9 /* iOSTestCasesUITestsLaunchTests.swift in Sources */,
				FB72725E289D0A9500E4F9B9 /* iOSTestCasesUITests.swift in Sources */,
			);
			runOnlyForDeploymentPostprocessing = 0;
		};
/* End PBXSourcesBuildPhase section */

/* Begin PBXTargetDependency section */
		FB727251289D0A9500E4F9B9 /* PBXTargetDependency */ = {
			isa = PBXTargetDependency;
			target = FB727238289D0A9300E4F9B9 /* iOSTestCases */;
			targetProxy = FB727250289D0A9500E4F9B9 /* PBXContainerItemProxy */;
		};
		FB72725B289D0A9500E4F9B9 /* PBXTargetDependency */ = {
			isa = PBXTargetDependency;
			target = FB727238289D0A9300E4F9B9 /* iOSTestCases */;
			targetProxy = FB72725A289D0A9500E4F9B9 /* PBXContainerItemProxy */;
		};
/* End PBXTargetDependency section */

/* Begin PBXVariantGroup section */
		FB727242289D0A9300E4F9B9 /* Main.storyboard */ = {
			isa = PBXVariantGroup;
			children = (
				FB727243289D0A9300E4F9B9 /* Base */,
			);
			name = Main.storyboard;
			sourceTree = "<group>";
		};
		FB727247289D0A9400E4F9B9 /* LaunchScreen.storyboard */ = {
			isa = PBXVariantGroup;
			children = (
				FB727248289D0A9400E4F9B9 /* Base */,
			);
			name = LaunchScreen.storyboard;
			sourceTree = "<group>";
		};
/* End PBXVariantGroup section */

/* Begin XCBuildConfiguration section */
		FB727261289D0A9500E4F9B9 /* Debug */ = {
			isa = XCBuildConfiguration;
			buildSettings = {
				ALWAYS_SEARCH_USER_PATHS = NO;
				CLANG_ANALYZER_NONNULL = YES;
				CLANG_ANALYZER_NUMBER_OBJECT_CONVERSION = YES_AGGRESSIVE;
				CLANG_CXX_LANGUAGE_STANDARD = "gnu++17";
				CLANG_ENABLE_MODULES = YES;
				CLANG_ENABLE_OBJC_ARC = YES;
				CLANG_ENABLE_OBJC_WEAK = YES;
				CLANG_WARN_BLOCK_CAPTURE_AUTORELEASING = YES;
				CLANG_WARN_BOOL_CONVERSION = YES;
				CLANG_WARN_COMMA = YES;
				CLANG_WARN_CONSTANT_CONVERSION = YES;
				CLANG_WARN_DEPRECATED_OBJC_IMPLEMENTATIONS = YES;
				CLANG_WARN_DIRECT_OBJC_ISA_USAGE = YES_ERROR;
				CLANG_WARN_DOCUMENTATION_COMMENTS = YES;
				CLANG_WARN_EMPTY_BODY = YES;
				CLANG_WARN_ENUM_CONVERSION = YES;
				CLANG_WARN_INFINITE_RECURSION = YES;
				CLANG_WARN_INT_CONVERSION = YES;
				CLANG_WARN_NON_LITERAL_NULL_CONVERSION = YES;
				CLANG_WARN_OBJC_IMPLICIT_RETAIN_SELF = YES;
				CLANG_WARN_OBJC_LITERAL_CONVERSION = YES;
				CLANG_WARN_OBJC_ROOT_CLASS = YES_ERROR;
				CLANG_WARN_QUOTED_INCLUDE_IN_FRAMEWORK_HEADER = YES;
				CLANG_WARN_RANGE_LOOP_ANALYSIS = YES;
				CLANG_WARN_STRICT_PROTOTYPES = YES;
				CLANG_WARN_SUSPICIOUS_MOVE = YES;
				CLANG_WARN_UNGUARDED_AVAILABILITY = YES_AGGRESSIVE;
				CLANG_WARN_UNREACHABLE_CODE = YES;
				CLANG_WARN__DUPLICATE_METHOD_MATCH = YES;
				COPY_PHASE_STRIP = NO;
				DEBUG_INFORMATION_FORMAT = dwarf;
				ENABLE_STRICT_OBJC_MSGSEND = YES;
				ENABLE_TESTABILITY = YES;
				GCC_C_LANGUAGE_STANDARD = gnu11;
				GCC_DYNAMIC_NO_PIC = NO;
				GCC_NO_COMMON_BLOCKS = YES;
				GCC_OPTIMIZATION_LEVEL = 0;
				GCC_PREPROCESSOR_DEFINITIONS = (
					"DEBUG=1",
					"$(inherited)",
				);
				GCC_WARN_64_TO_32_BIT_CONVERSION = YES;
				GCC_WARN_ABOUT_RETURN_TYPE = YES_ERROR;
				GCC_WARN_UNDECLARED_SELECTOR = YES;
				GCC_WARN_UNINITIALIZED_AUTOS = YES_AGGRESSIVE;
				GCC_WARN_UNUSED_FUNCTION = YES;
				GCC_WARN_UNUSED_VARIABLE = YES;
				IPHONEOS_DEPLOYMENT_TARGET = 15.5;
				MTL_ENABLE_DEBUG_INFO = INCLUDE_SOURCE;
				MTL_FAST_MATH = YES;
				ONLY_ACTIVE_ARCH = YES;
				SDKROOT = iphoneos;
				SWIFT_ACTIVE_COMPILATION_CONDITIONS = DEBUG;
				SWIFT_OPTIMIZATION_LEVEL = "-Onone";
			};
			name = Debug;
		};
		FB727262289D0A9500E4F9B9 /* Release */ = {
			isa = XCBuildConfiguration;
			buildSettings = {
				ALWAYS_SEARCH_USER_PATHS = NO;
				CLANG_ANALYZER_NONNULL = YES;
				CLANG_ANALYZER_NUMBER_OBJECT_CONVERSION = YES_AGGRESSIVE;
				CLANG_CXX_LANGUAGE_STANDARD = "gnu++17";
				CLANG_ENABLE_MODULES = YES;
				CLANG_ENABLE_OBJC_ARC = YES;
				CLANG_ENABLE_OBJC_WEAK = YES;
				CLANG_WARN_BLOCK_CAPTURE_AUTORELEASING = YES;
				CLANG_WARN_BOOL_CONVERSION = YES;
				CLANG_WARN_COMMA = YES;
				CLANG_WARN_CONSTANT_CONVERSION = YES;
				CLANG_WARN_DEPRECATED_OBJC_IMPLEMENTATIONS = YES;
				CLANG_WARN_DIRECT_OBJC_ISA_USAGE = YES_ERROR;
				CLANG_WARN_DOCUMENTATION_COMMENTS = YES;
				CLANG_WARN_EMPTY_BODY = YES;
				CLANG_WARN_ENUM_CONVERSION = YES;
				CLANG_WARN_INFINITE_RECURSION = YES;
				CLANG_WARN_INT_CONVERSION = YES;
				CLANG_WARN_NON_LITERAL_NULL_CONVERSION = YES;
				CLANG_WARN_OBJC_IMPLICIT_RETAIN_SELF = YES;
				CLANG_WARN_OBJC_LITERAL_CONVERSION = YES;
				CLANG_WARN_OBJC_ROOT_CLASS = YES_ERROR;
				CLANG_WARN_QUOTED_INCLUDE_IN_FRAMEWORK_HEADER = YES;
				CLANG_WARN_RANGE_LOOP_ANALYSIS = YES;
				CLANG_WARN_STRICT_PROTOTYPES = YES;
				CLANG_WARN_SUSPICIOUS_MOVE = YES;
				CLANG_WARN_UNGUARDED_AVAILABILITY = YES_AGGRESSIVE;
				CLANG_WARN_UNREACHABLE_CODE = YES;
				CLANG_WARN__DUPLICATE_METHOD_MATCH = YES;
				COPY_PHASE_STRIP = NO;
				DEBUG_INFORMATION_FORMAT = "dwarf-with-dsym";
				ENABLE_NS_ASSERTIONS = NO;
				ENABLE_STRICT_OBJC_MSGSEND = YES;
				GCC_C_LANGUAGE_STANDARD = gnu11;
				GCC_NO_COMMON_BLOCKS = YES;
				GCC_WARN_64_TO_32_BIT_CONVERSION = YES;
				GCC_WARN_ABOUT_RETURN_TYPE = YES_ERROR;
				GCC_WARN_UNDECLARED_SELECTOR = YES;
				GCC_WARN_UNINITIALIZED_AUTOS = YES_AGGRESSIVE;
				GCC_WARN_UNUSED_FUNCTION = YES;
				GCC_WARN_UNUSED_VARIABLE = YES;
				IPHONEOS_DEPLOYMENT_TARGET = 15.5;
				MTL_ENABLE_DEBUG_INFO = NO;
				MTL_FAST_MATH = YES;
				SDKROOT = iphoneos;
				SWIFT_COMPILATION_MODE = wholemodule;
				SWIFT_OPTIMIZATION_LEVEL = "-O";
				VALIDATE_PRODUCT = YES;
			};
			name = Release;
		};
		FB727264289D0A9500E4F9B9 /* Debug */ = {
			isa = XCBuildConfiguration;
			buildSettings = {
				ASSETCATALOG_COMPILER_APPICON_NAME = AppIcon;
				ASSETCATALOG_COMPILER_GLOBAL_ACCENT_COLOR_NAME = AccentColor;
				CODE_SIGN_STYLE = Automatic;
				CURRENT_PROJECT_VERSION = 1;
				DEVELOPMENT_TEAM = K7XJG666ZW;
				GENERATE_INFOPLIST_FILE = YES;
				INFOPLIST_FILE = iOSTestCases/Info.plist;
				INFOPLIST_KEY_UIApplicationSupportsIndirectInputEvents = YES;
				INFOPLIST_KEY_UILaunchStoryboardName = LaunchScreen;
				INFOPLIST_KEY_UIMainStoryboardFile = Main;
				INFOPLIST_KEY_UISupportedInterfaceOrientations_iPad = "UIInterfaceOrientationPortrait UIInterfaceOrientationPortraitUpsideDown UIInterfaceOrientationLandscapeLeft UIInterfaceOrientationLandscapeRight";
				INFOPLIST_KEY_UISupportedInterfaceOrientations_iPhone = "UIInterfaceOrientationPortrait UIInterfaceOrientationLandscapeLeft UIInterfaceOrientationLandscapeRight";
				LD_RUNPATH_SEARCH_PATHS = (
					"$(inherited)",
					"@executable_path/Frameworks",
				);
				MARKETING_VERSION = 1.0;
				PRODUCT_BUNDLE_IDENTIFIER = com.demo.iOSTestCases;
				PRODUCT_NAME = "$(TARGET_NAME)";
				SWIFT_EMIT_LOC_STRINGS = YES;
				SWIFT_VERSION = 5.0;
				TARGETED_DEVICE_FAMILY = "1,2";
			};
			name = Debug;
		};
		FB727265289D0A9500E4F9B9 /* Release */ = {
			isa = XCBuildConfiguration;
			buildSettings = {
				ASSETCATALOG_COMPILER_APPICON_NAME = AppIcon;
				ASSETCATALOG_COMPILER_GLOBAL_ACCENT_COLOR_NAME = AccentColor;
				CODE_SIGN_STYLE = Automatic;
				CURRENT_PROJECT_VERSION = 1;
				DEVELOPMENT_TEAM = K7XJG666ZW;
				GENERATE_INFOPLIST_FILE = YES;
				INFOPLIST_FILE = iOSTestCases/Info.plist;
				INFOPLIST_KEY_UIApplicationSupportsIndirectInputEvents = YES;
				INFOPLIST_KEY_UILaunchStoryboardName = LaunchScreen;
				INFOPLIST_KEY_UIMainStoryboardFile = Main;
				INFOPLIST_KEY_UISupportedInterfaceOrientations_iPad = "UIInterfaceOrientationPortrait UIInterfaceOrientationPortraitUpsideDown UIInterfaceOrientationLandscapeLeft UIInterfaceOrientationLandscapeRight";
				INFOPLIST_KEY_UISupportedInterfaceOrientations_iPhone = "UIInterfaceOrientationPortrait UIInterfaceOrientationLandscapeLeft UIInterfaceOrientationLandscapeRight";
				LD_RUNPATH_SEARCH_PATHS = (
					"$(inherited)",
					"@executable_path/Frameworks",
				);
				MARKETING_VERSION = 1.0;
				PRODUCT_BUNDLE_IDENTIFIER = com.demo.iOSTestCases;
				PRODUCT_NAME = "$(TARGET_NAME)";
				SWIFT_EMIT_LOC_STRINGS = YES;
				SWIFT_VERSION = 5.0;
				TARGETED_DEVICE_FAMILY = "1,2";
			};
			name = Release;
		};
		FB727267289D0A9500E4F9B9 /* Debug */ = {
			isa = XCBuildConfiguration;
			buildSettings = {
				ALWAYS_EMBED_SWIFT_STANDARD_LIBRARIES = YES;
				BUNDLE_LOADER = "$(TEST_HOST)";
				CODE_SIGN_STYLE = Automatic;
				CURRENT_PROJECT_VERSION = 1;
				DEVELOPMENT_TEAM = K7XJG666ZW;
				GENERATE_INFOPLIST_FILE = YES;
				IPHONEOS_DEPLOYMENT_TARGET = 15.5;
				MARKETING_VERSION = 1.0;
				PRODUCT_BUNDLE_IDENTIFIER = com.demo.iOSTestCasesTests;
				PRODUCT_NAME = "$(TARGET_NAME)";
				SWIFT_EMIT_LOC_STRINGS = NO;
				SWIFT_VERSION = 5.0;
				TARGETED_DEVICE_FAMILY = "1,2";
				TEST_HOST = "$(BUILT_PRODUCTS_DIR)/iOSTestCases.app/iOSTestCases";
			};
			name = Debug;
		};
		FB727268289D0A9500E4F9B9 /* Release */ = {
			isa = XCBuildConfiguration;
			buildSettings = {
				ALWAYS_EMBED_SWIFT_STANDARD_LIBRARIES = YES;
				BUNDLE_LOADER = "$(TEST_HOST)";
				CODE_SIGN_STYLE = Automatic;
				CURRENT_PROJECT_VERSION = 1;
				DEVELOPMENT_TEAM = K7XJG666ZW;
				GENERATE_INFOPLIST_FILE = YES;
				IPHONEOS_DEPLOYMENT_TARGET = 15.5;
				MARKETING_VERSION = 1.0;
				PRODUCT_BUNDLE_IDENTIFIER = com.demo.iOSTestCasesTests;
				PRODUCT_NAME = "$(TARGET_NAME)";
				SWIFT_EMIT_LOC_STRINGS = NO;
				SWIFT_VERSION = 5.0;
				TARGETED_DEVICE_FAMILY = "1,2";
				TEST_HOST = "$(BUILT_PRODUCTS_DIR)/iOSTestCases.app/iOSTestCases";
			};
			name = Release;
		};
		FB72726A289D0A9500E4F9B9 /* Debug */ = {
			isa = XCBuildConfiguration;
			buildSettings = {
				ALWAYS_EMBED_SWIFT_STANDARD_LIBRARIES = YES;
				CODE_SIGN_STYLE = Automatic;
				CURRENT_PROJECT_VERSION = 1;
				DEVELOPMENT_TEAM = K7XJG666ZW;
				GENERATE_INFOPLIST_FILE = YES;
				MARKETING_VERSION = 1.0;
				PRODUCT_BUNDLE_IDENTIFIER = com.demo.iOSTestCasesUITests;
				PRODUCT_NAME = "$(TARGET_NAME)";
				SWIFT_EMIT_LOC_STRINGS = NO;
				SWIFT_VERSION = 5.0;
				TARGETED_DEVICE_FAMILY = "1,2";
				TEST_TARGET_NAME = iOSTestCases;
			};
			name = Debug;
		};
		FB72726B289D0A9500E4F9B9 /* Release */ = {
			isa = XCBuildConfiguration;
			buildSettings = {
				ALWAYS_EMBED_SWIFT_STANDARD_LIBRARIES = YES;
				CODE_SIGN_STYLE = Automatic;
				CURRENT_PROJECT_VERSION = 1;
				DEVELOPMENT_TEAM = K7XJG666ZW;
				GENERATE_INFOPLIST_FILE = YES;
				MARKETING_VERSION = 1.0;
				PRODUCT_BUNDLE_IDENTIFIER = com.demo.iOSTestCasesUITests;
				PRODUCT_NAME = "$(TARGET_NAME)";
				SWIFT_EMIT_LOC_STRINGS = NO;
				SWIFT_VERSION = 5.0;
				TARGETED_DEVICE_FAMILY = "1,2";
				TEST_TARGET_NAME = iOSTestCases;
			};
			name = Release;
		};
/* End XCBuildConfiguration section */

/* Begin XCConfigurationList section */
		FB727234289D0A9300E4F9B9 /* Build configuration list for PBXProject "iOSTestCases" */ = {
			isa = XCConfigurationList;
			buildConfigurations = (
				FB727261289D0A9500E4F9B9 /* Debug */,
				FB727262289D0A9500E4F9B9 /* Release */,
			);
			defaultConfigurationIsVisible = 0;
			defaultConfigurationName = Release;
		};
		FB727263289D0A9500E4F9B9 /* Build configuration list for PBXNativeTarget "iOSTestCases" */ = {
			isa = XCConfigurationList;
			buildConfigurations = (
				FB727264289D0A9500E4F9B9 /* Debug */,
				FB727265289D0A9500E4F9B9 /* Release */,
			);
			defaultConfigurationIsVisible = 0;
			defaultConfigurationName = Release;
		};
		FB727266289D0A9500E4F9B9 /* Build configuration list for PBXNativeTarget "iOSTestCasesTests" */ = {
			isa = XCConfigurationList;
			buildConfigurations = (
				FB727267289D0A9500E4F9B9 /* Debug */,
				FB727268289D0A9500E4F9B9 /* Release */,
			);
			defaultConfigurationIsVisible = 0;
			defaultConfigurationName = Release;
		};
		FB727269289D0A9500E4F9B9 /* Build configuration list for PBXNativeTarget "iOSTestCasesUITests" */ = {
			isa = XCConfigurationList;
			buildConfigurations = (
				FB72726A289D0A9500E4F9B9 /* Debug */,
				FB72726B289D0A9500E4F9B9 /* Release */,
			);
			defaultConfigurationIsVisible = 0;
			defaultConfigurationName = Release;
		};
/* End XCConfigurationList section */
	};
	rootObject = FB727231289D0A9300E4F9B9 /* Project object */;
}
